
Microsoft Visual Studio Solution File, Format Version 12.00
# Visual Studio Version 16
VisualStudioVersion = 16.0.29519.87
MinimumVisualStudioVersion = 10.0.40219.1
Project("{FAE04EC0-301F-11D3-BF4B-00C04F79EFBC}") = "ConsoleCamera", "ConsoleCamera\ConsoleCamera.csproj", "{DC736A93-86E0-45A4-9AE9-B802DDEE7092}"
EndProject
Global
	GlobalSection(SolutionConfigurationPlatforms) = preSolution
		Debug|Any CPU = Debug|Any CPU
		Release|Any CPU = Release|Any CPU
	EndGlobalSection
	GlobalSection(ProjectConfigurationPlatforms) = postSolution
		{DC736A93-86E0-45A4-9AE9-B802DDEE7092}.Debug|Any CPU.ActiveCfg = Debug|Any CPU
		{DC736A93-86E0-45A4-9AE9-B802DDEE7092}.Debug|Any CPU.Build.0 = Debug|Any CPU
		{DC736A93-86E0-45A4-9AE9-B802DDEE7092}.Release|Any CPU.ActiveCfg = Release|Any CPU
		{DC736A93-86E0-45A4-9AE9-B802DDEE7092}.Release|Any CPU.Build.0 = Release|Any CPU
	EndGlobalSection
	GlobalSection(SolutionProperties) = preSolution
		HideSolutionNode = FALSE
	EndGlobalSection
	GlobalSection(ExtensibilityGlobals) = postSolution
		SolutionGuid = {77DCD39D-13AA-44CE-89B3-AE13E3208545}
	EndGlobalSection
EndGlobal
